
Microsoft Visual Studio Solution File, Format Version 12.00
# Visual Studio Version 16
VisualStudioVersion = 16.0.29409.12
MinimumVisualStudioVersion = 10.0.40219.1
Project("{9A19103F-16F7-4668-BE54-9A1E7A4F7556}") = "Contracts", "Contracts\Contracts.csproj", "{75F6A546-4C09-4FC9-8C32-6BF4EBD953C0}"
EndProject
Project("{9A19103F-16F7-4668-BE54-9A1E7A4F7556}") = "Extensions", "Extensions\Extensions.csproj", "{B9B17716-7869-4932-9345-D7A041094B60}"
EndProject
Project("{9A19103F-16F7-4668-BE54-9A1E7A4F7556}") = "Toolbox", "Toolbox\Toolbox.csproj", "{296FB6AD-5210-4307-9A60-5DA61C80FAA4}"
EndProject
Project("{2150E333-8FDC-42A3-9474-1A3956D46DE8}") = "Tests", "Tests", "{00C18A28-B966-41D7-B97B-8CEADD7A2E2E}"
EndProject
Project("{9A19103F-16F7-4668-BE54-9A1E7A4F7556}") = "ExtensionsTests", "ExtensionsTests\ExtensionsTests.csproj", "{9126C0FB-B204-47FC-A62E-55F159794704}"
EndProject
Project("{9A19103F-16F7-4668-BE54-9A1E7A4F7556}") = "ToolboxTests", "ToolboxTests\ToolboxTests.csproj", "{6BF78A50-693D-4083-A0EE-F989291F97CF}"
EndProject
Project("{9A19103F-16F7-4668-BE54-9A1E7A4F7556}") = "WpfTools", "WpfTools\WpfTools.csproj", "{FAC45454-9828-4EA8-8965-C8CB8BCF81D0}"
EndProject
Global
	GlobalSection(SolutionConfigurationPlatforms) = preSolution
		Debug|Any CPU = Debug|Any CPU
		Release|Any CPU = Release|Any CPU
	EndGlobalSection
	GlobalSection(ProjectConfigurationPlatforms) = postSolution
		{75F6A546-4C09-4FC9-8C32-6BF4EBD953C0}.Debug|Any CPU.ActiveCfg = Debug|Any CPU
		{75F6A546-4C09-4FC9-8C32-6BF4EBD953C0}.Debug|Any CPU.Build.0 = Debug|Any CPU
		{75F6A546-4C09-4FC9-8C32-6BF4EBD953C0}.Release|Any CPU.ActiveCfg = Release|Any CPU
		{75F6A546-4C09-4FC9-8C32-6BF4EBD953C0}.Release|Any CPU.Build.0 = Release|Any CPU
		{B9B17716-7869-4932-9345-D7A041094B60}.Debug|Any CPU.ActiveCfg = Debug|Any CPU
		{B9B17716-7869-4932-9345-D7A041094B60}.Debug|Any CPU.Build.0 = Debug|Any CPU
		{B9B17716-7869-4932-9345-D7A041094B60}.Release|Any CPU.ActiveCfg = Release|Any CPU
		{B9B17716-7869-4932-9345-D7A041094B60}.Release|Any CPU.Build.0 = Release|Any CPU
		{296FB6AD-5210-4307-9A60-5DA61C80FAA4}.Debug|Any CPU.ActiveCfg = Debug|Any CPU
		{296FB6AD-5210-4307-9A60-5DA61C80FAA4}.Debug|Any CPU.Build.0 = Debug|Any CPU
		{296FB6AD-5210-4307-9A60-5DA61C80FAA4}.Release|Any CPU.ActiveCfg = Release|Any CPU
		{296FB6AD-5210-4307-9A60-5DA61C80FAA4}.Release|Any CPU.Build.0 = Release|Any CPU
		{9126C0FB-B204-47FC-A62E-55F159794704}.Debug|Any CPU.ActiveCfg = Debug|Any CPU
		{9126C0FB-B204-47FC-A62E-55F159794704}.Debug|Any CPU.Build.0 = Debug|Any CPU
		{9126C0FB-B204-47FC-A62E-55F159794704}.Release|Any CPU.ActiveCfg = Release|Any CPU
		{9126C0FB-B204-47FC-A62E-55F159794704}.Release|Any CPU.Build.0 = Release|Any CPU
		{6BF78A50-693D-4083-A0EE-F989291F97CF}.Debug|Any CPU.ActiveCfg = Debug|Any CPU
		{6BF78A50-693D-4083-A0EE-F989291F97CF}.Debug|Any CPU.Build.0 = Debug|Any CPU
		{6BF78A50-693D-4083-A0EE-F989291F97CF}.Release|Any CPU.ActiveCfg = Release|Any CPU
		{6BF78A50-693D-4083-A0EE-F989291F97CF}.Release|Any CPU.Build.0 = Release|Any CPU
		{FAC45454-9828-4EA8-8965-C8CB8BCF81D0}.Debug|Any CPU.ActiveCfg = Debug|Any CPU
		{FAC45454-9828-4EA8-8965-C8CB8BCF81D0}.Debug|Any CPU.Build.0 = Debug|Any CPU
		{FAC45454-9828-4EA8-8965-C8CB8BCF81D0}.Release|Any CPU.ActiveCfg = Release|Any CPU
		{FAC45454-9828-4EA8-8965-C8CB8BCF81D0}.Release|Any CPU.Build.0 = Release|Any CPU
	EndGlobalSection
	GlobalSection(SolutionProperties) = preSolution
		HideSolutionNode = FALSE
	EndGlobalSection
	GlobalSection(NestedProjects) = preSolution
		{9126C0FB-B204-47FC-A62E-55F159794704} = {00C18A28-B966-41D7-B97B-8CEADD7A2E2E}
		{6BF78A50-693D-4083-A0EE-F989291F97CF} = {00C18A28-B966-41D7-B97B-8CEADD7A2E2E}
	EndGlobalSection
	GlobalSection(ExtensibilityGlobals) = postSolution
		SolutionGuid = {5222E321-3FD1-438C-889C-F421ECCF1B57}
	EndGlobalSection
EndGlobal
